
Microsoft Visual Studio Solution File, Format Version 12.00
# Visual Studio 15
VisualStudioVersion = 15.0.26228.4
MinimumVisualStudioVersion = 10.0.40219.1
Project("{2150E333-8FDC-42A3-9474-1A3956D46DE8}") = "src", "src", "{84FF1663-EEA8-4A44-90FF-49619134420E}"
	ProjectSection(SolutionItems) = preProject
		Startup.txt = Startup.txt
		业务描述.txt = 业务描述.txt
	EndProjectSection
EndProject
Project("{FAE04EC0-301F-11D3-BF4B-00C04F79EFBC}") = "DAL", "src\DAL\DAL.csproj", "{9FEB33AB-A07A-4E44-ACD0-070DA3E8547B}"
EndProject
Project("{FAE04EC0-301F-11D3-BF4B-00C04F79EFBC}") = "BLL", "src\BLL\BLL.csproj", "{DBDB3FF3-A7C8-4E72-9FBD-2F9BC689EC34}"
EndProject
Project("{2150E333-8FDC-42A3-9474-1A3956D46DE8}") = "test", "test", "{6C62E73E-D91D-442C-BE8A-0AF168CFCE64}"
EndProject
Project("{FAE04EC0-301F-11D3-BF4B-00C04F79EFBC}") = "Webapi", "src\Webapi\Webapi.csproj", "{60772DA2-C2C2-496A-9F81-2F9E25C4F3D9}"
EndProject
Project("{FAE04EC0-301F-11D3-BF4B-00C04F79EFBC}") = "Web", "src\Web\Web.csproj", "{3B4460B2-E4C7-4251-8718-C84DE9F4E1B3}"
EndProject
Project("{FAE04EC0-301F-11D3-BF4B-00C04F79EFBC}") = "DAL.Test", "test\DAL.Test\DAL.Test.csproj", "{F75170D9-9145-4CCC-90EB-671DCFC375AD}"
EndProject
Project("{E53339B2-1760-4266-BCC7-CA923CBCF16C}") = "docker-compose", "docker-compose.dcproj", "{9E1E58A1-0B31-4972-A969-DC243E438061}"
EndProject
Project("{FAE04EC0-301F-11D3-BF4B-00C04F79EFBC}") = "Sales.Api", "src\Sales.Api\Sales.Api.csproj", "{34FDF00F-750A-48D2-9194-209217BCFDC8}"
EndProject
Global
	GlobalSection(SolutionConfigurationPlatforms) = preSolution
		Debug|Any CPU = Debug|Any CPU
		Release|Any CPU = Release|Any CPU
	EndGlobalSection
	GlobalSection(ProjectConfigurationPlatforms) = postSolution
		{9FEB33AB-A07A-4E44-ACD0-070DA3E8547B}.Debug|Any CPU.ActiveCfg = Debug|Any CPU
		{9FEB33AB-A07A-4E44-ACD0-070DA3E8547B}.Debug|Any CPU.Build.0 = Debug|Any CPU
		{9FEB33AB-A07A-4E44-ACD0-070DA3E8547B}.Release|Any CPU.ActiveCfg = Release|Any CPU
		{9FEB33AB-A07A-4E44-ACD0-070DA3E8547B}.Release|Any CPU.Build.0 = Release|Any CPU
		{DBDB3FF3-A7C8-4E72-9FBD-2F9BC689EC34}.Debug|Any CPU.ActiveCfg = Debug|Any CPU
		{DBDB3FF3-A7C8-4E72-9FBD-2F9BC689EC34}.Debug|Any CPU.Build.0 = Debug|Any CPU
		{DBDB3FF3-A7C8-4E72-9FBD-2F9BC689EC34}.Release|Any CPU.ActiveCfg = Release|Any CPU
		{DBDB3FF3-A7C8-4E72-9FBD-2F9BC689EC34}.Release|Any CPU.Build.0 = Release|Any CPU
		{60772DA2-C2C2-496A-9F81-2F9E25C4F3D9}.Debug|Any CPU.ActiveCfg = Debug|Any CPU
		{60772DA2-C2C2-496A-9F81-2F9E25C4F3D9}.Debug|Any CPU.Build.0 = Debug|Any CPU
		{60772DA2-C2C2-496A-9F81-2F9E25C4F3D9}.Release|Any CPU.ActiveCfg = Release|Any CPU
		{60772DA2-C2C2-496A-9F81-2F9E25C4F3D9}.Release|Any CPU.Build.0 = Release|Any CPU
		{3B4460B2-E4C7-4251-8718-C84DE9F4E1B3}.Debug|Any CPU.ActiveCfg = Debug|Any CPU
		{3B4460B2-E4C7-4251-8718-C84DE9F4E1B3}.Release|Any CPU.ActiveCfg = Release|Any CPU
		{3B4460B2-E4C7-4251-8718-C84DE9F4E1B3}.Release|Any CPU.Build.0 = Release|Any CPU
		{F75170D9-9145-4CCC-90EB-671DCFC375AD}.Debug|Any CPU.ActiveCfg = Debug|Any CPU
		{F75170D9-9145-4CCC-90EB-671DCFC375AD}.Debug|Any CPU.Build.0 = Debug|Any CPU
		{F75170D9-9145-4CCC-90EB-671DCFC375AD}.Release|Any CPU.ActiveCfg = Release|Any CPU
		{F75170D9-9145-4CCC-90EB-671DCFC375AD}.Release|Any CPU.Build.0 = Release|Any CPU
		{9E1E58A1-0B31-4972-A969-DC243E438061}.Debug|Any CPU.ActiveCfg = Debug|Any CPU
		{9E1E58A1-0B31-4972-A969-DC243E438061}.Debug|Any CPU.Build.0 = Debug|Any CPU
		{9E1E58A1-0B31-4972-A969-DC243E438061}.Release|Any CPU.ActiveCfg = Release|Any CPU
		{9E1E58A1-0B31-4972-A969-DC243E438061}.Release|Any CPU.Build.0 = Release|Any CPU
		{34FDF00F-750A-48D2-9194-209217BCFDC8}.Debug|Any CPU.ActiveCfg = Debug|Any CPU
		{34FDF00F-750A-48D2-9194-209217BCFDC8}.Debug|Any CPU.Build.0 = Debug|Any CPU
		{34FDF00F-750A-48D2-9194-209217BCFDC8}.Release|Any CPU.ActiveCfg = Release|Any CPU
		{34FDF00F-750A-48D2-9194-209217BCFDC8}.Release|Any CPU.Build.0 = Release|Any CPU
	EndGlobalSection
	GlobalSection(SolutionProperties) = preSolution
		HideSolutionNode = FALSE
	EndGlobalSection
	GlobalSection(NestedProjects) = preSolution
		{9FEB33AB-A07A-4E44-ACD0-070DA3E8547B} = {84FF1663-EEA8-4A44-90FF-49619134420E}
		{DBDB3FF3-A7C8-4E72-9FBD-2F9BC689EC34} = {84FF1663-EEA8-4A44-90FF-49619134420E}
		{60772DA2-C2C2-496A-9F81-2F9E25C4F3D9} = {84FF1663-EEA8-4A44-90FF-49619134420E}
		{3B4460B2-E4C7-4251-8718-C84DE9F4E1B3} = {84FF1663-EEA8-4A44-90FF-49619134420E}
		{F75170D9-9145-4CCC-90EB-671DCFC375AD} = {6C62E73E-D91D-442C-BE8A-0AF168CFCE64}
		{34FDF00F-750A-48D2-9194-209217BCFDC8} = {84FF1663-EEA8-4A44-90FF-49619134420E}
	EndGlobalSection
EndGlobal
